
Microsoft Visual Studio Solution File, Format Version 12.00
Project("{2150E333-8FDC-42A3-9474-1A3956D46DE8}") = "Shared", "Shared", "{C7C51C2E-31B1-4147-A020-276C7AE73065}"
EndProject
Project("{2150E333-8FDC-42A3-9474-1A3956D46DE8}") = "Connectors", "Connectors", "{917984C1-1DA1-43E6-849B-0E89781EA525}"
EndProject
Project("{FAE04EC0-301F-11D3-BF4B-00C04F79EFBC}") = "Docker.Connectors.SSH", "Connectors\Docker.Connectors.SSH\Docker.Connectors.SSH.csproj", "{EE9EEAD3-3633-4B34-A558-FCAC750B5D5B}"
EndProject
Project("{FAE04EC0-301F-11D3-BF4B-00C04F79EFBC}") = "Docker.Connectors.API", "Connectors\Docker.Connectors.API\Docker.Connectors.API.csproj", "{CBA06C8B-7881-4680-90F1-06999693DFD4}"
EndProject
Project("{FAE04EC0-301F-11D3-BF4B-00C04F79EFBC}") = "Docker.Connectors.Common", "Connectors\Docker.Connectors.Common\Docker.Connectors.Common.csproj", "{4DA1D619-48DC-4440-A81E-B49DD51C250B}"
EndProject
Project("{2150E333-8FDC-42A3-9474-1A3956D46DE8}") = "Documents", "Documents", "{F08678BF-D4B7-4F7F-B5A5-785AAF42B3DB}"
	ProjectSection(SolutionItems) = preProject
		Documents\URLs.txt = Documents\URLs.txt
		Documents\docker-container.json = Documents\docker-container.json
		Documents\docker-image.json = Documents\docker-image.json
		Documents\redis.http = Documents\redis.http
		Documents\http-client.private.env.json = Documents\http-client.private.env.json
		Documents\docker-image-api.json = Documents\docker-image-api.json
		Documents\note.txt = Documents\note.txt
		Documents\docker-container-api.json = Documents\docker-container-api.json
		Documents\docker-network.json = Documents\docker-network.json
	EndProjectSection
EndProject
Project("{FAE04EC0-301F-11D3-BF4B-00C04F79EFBC}") = "SharedKernel", "Shared\SharedKernel\SharedKernel.csproj", "{C37F5DFA-7C22-468D-BD36-F185E48E1877}"
EndProject
Project("{FAE04EC0-301F-11D3-BF4B-00C04F79EFBC}") = "Docker.Connectors.SSH.Test", "Connectors\Docker.Connectors.SSH.Test\Docker.Connectors.SSH.Test.csproj", "{B3E49117-84C7-4E5A-8183-75C87ECF6EF0}"
EndProject
Project("{FAE04EC0-301F-11D3-BF4B-00C04F79EFBC}") = "Docker.Connectors.API.Test", "Connectors\Docker.Connectors.API.Test\Docker.Connectors.API.Test.csproj", "{02953124-9C42-4A89-A5BA-76E0A8C39B8B}"
EndProject
Project("{FAE04EC0-301F-11D3-BF4B-00C04F79EFBC}") = "SharedKernel.Test", "Shared\SharedKernel.Test\SharedKernel.Test.csproj", "{6B51C7FD-4EA9-4757-912F-CAE1DBCD72C3}"
EndProject
Project("{FAE04EC0-301F-11D3-BF4B-00C04F79EFBC}") = "Docker.Connectors.Common.Test", "Connectors\Docker.Connectors.Common.Test\Docker.Connectors.Common.Test.csproj", "{412CEDB0-7B2F-44E6-835A-5CE4A7F5AC44}"
EndProject
Project("{2150E333-8FDC-42A3-9474-1A3956D46DE8}") = "Dashboards", "Dashboards", "{975F8E19-2A61-4360-836F-A8317DD60DA9}"
EndProject
Project("{FAE04EC0-301F-11D3-BF4B-00C04F79EFBC}") = "Dashboard", "Dashboards\Dashboard\Dashboard.csproj", "{F24DA6EC-EA76-4AD4-9AED-658B60F831C3}"
EndProject
Project("{FAE04EC0-301F-11D3-BF4B-00C04F79EFBC}") = "Dashboard.Application", "Dashboards\Dashboard.Application\Dashboard.Application.csproj", "{11D62FC0-94E9-42DF-8F6F-D1296264593E}"
EndProject
Project("{FAE04EC0-301F-11D3-BF4B-00C04F79EFBC}") = "Dashboard.Domain", "Dashboards\Dashboard.Domain\Dashboard.Domain.csproj", "{BEB4E454-B5F4-4EE7-B97F-295BF066BEE0}"
EndProject
Project("{FAE04EC0-301F-11D3-BF4B-00C04F79EFBC}") = "Dashboard.Components", "Dashboards\Dashboard.Components\Dashboard.Components.csproj", "{07ED9948-B920-414B-8291-452213B191BB}"
EndProject
Project("{2150E333-8FDC-42A3-9474-1A3956D46DE8}") = "Utility", "Utility", "{4F3BC756-7505-48B6-A57E-CF2857A71818}"
EndProject
Project("{FAE04EC0-301F-11D3-BF4B-00C04F79EFBC}") = "Vault", "Utility\Vault\Vault.csproj", "{2294D377-8F6F-4B3F-AE7E-028904064142}"
EndProject
Project("{FAE04EC0-301F-11D3-BF4B-00C04F79EFBC}") = "Vault.Test", "Utility\Vault.Test\Vault.Test.csproj", "{9EC506F2-2213-4D94-B43F-90107B313005}"
EndProject
Project("{FAE04EC0-301F-11D3-BF4B-00C04F79EFBC}") = "Dashboard.Infra", "Dashboards\Dashboard.Infra\Dashboard.Infra.csproj", "{1F7F4E70-DB78-419E-BF93-A57B65341B20}"
EndProject
Project("{FAE04EC0-301F-11D3-BF4B-00C04F79EFBC}") = "Dashboard.Infra.Test", "Dashboards\Dashboard.Infra.Test\Dashboard.Infra.Test.csproj", "{08B7350E-17CE-435D-90FA-5D5457FB9D87}"
EndProject
Global
	GlobalSection(SolutionConfigurationPlatforms) = preSolution
		Debug|Any CPU = Debug|Any CPU
		Release|Any CPU = Release|Any CPU
	EndGlobalSection
	GlobalSection(ProjectConfigurationPlatforms) = postSolution
		{EE9EEAD3-3633-4B34-A558-FCAC750B5D5B}.Debug|Any CPU.ActiveCfg = Debug|Any CPU
		{EE9EEAD3-3633-4B34-A558-FCAC750B5D5B}.Debug|Any CPU.Build.0 = Debug|Any CPU
		{EE9EEAD3-3633-4B34-A558-FCAC750B5D5B}.Release|Any CPU.ActiveCfg = Release|Any CPU
		{EE9EEAD3-3633-4B34-A558-FCAC750B5D5B}.Release|Any CPU.Build.0 = Release|Any CPU
		{CBA06C8B-7881-4680-90F1-06999693DFD4}.Debug|Any CPU.ActiveCfg = Debug|Any CPU
		{CBA06C8B-7881-4680-90F1-06999693DFD4}.Debug|Any CPU.Build.0 = Debug|Any CPU
		{CBA06C8B-7881-4680-90F1-06999693DFD4}.Release|Any CPU.ActiveCfg = Release|Any CPU
		{CBA06C8B-7881-4680-90F1-06999693DFD4}.Release|Any CPU.Build.0 = Release|Any CPU
		{4DA1D619-48DC-4440-A81E-B49DD51C250B}.Debug|Any CPU.ActiveCfg = Debug|Any CPU
		{4DA1D619-48DC-4440-A81E-B49DD51C250B}.Debug|Any CPU.Build.0 = Debug|Any CPU
		{4DA1D619-48DC-4440-A81E-B49DD51C250B}.Release|Any CPU.ActiveCfg = Release|Any CPU
		{4DA1D619-48DC-4440-A81E-B49DD51C250B}.Release|Any CPU.Build.0 = Release|Any CPU
		{C37F5DFA-7C22-468D-BD36-F185E48E1877}.Debug|Any CPU.ActiveCfg = Debug|Any CPU
		{C37F5DFA-7C22-468D-BD36-F185E48E1877}.Debug|Any CPU.Build.0 = Debug|Any CPU
		{C37F5DFA-7C22-468D-BD36-F185E48E1877}.Release|Any CPU.ActiveCfg = Release|Any CPU
		{C37F5DFA-7C22-468D-BD36-F185E48E1877}.Release|Any CPU.Build.0 = Release|Any CPU
		{B3E49117-84C7-4E5A-8183-75C87ECF6EF0}.Debug|Any CPU.ActiveCfg = Debug|Any CPU
		{B3E49117-84C7-4E5A-8183-75C87ECF6EF0}.Debug|Any CPU.Build.0 = Debug|Any CPU
		{B3E49117-84C7-4E5A-8183-75C87ECF6EF0}.Release|Any CPU.ActiveCfg = Release|Any CPU
		{B3E49117-84C7-4E5A-8183-75C87ECF6EF0}.Release|Any CPU.Build.0 = Release|Any CPU
		{02953124-9C42-4A89-A5BA-76E0A8C39B8B}.Debug|Any CPU.ActiveCfg = Debug|Any CPU
		{02953124-9C42-4A89-A5BA-76E0A8C39B8B}.Debug|Any CPU.Build.0 = Debug|Any CPU
		{02953124-9C42-4A89-A5BA-76E0A8C39B8B}.Release|Any CPU.ActiveCfg = Release|Any CPU
		{02953124-9C42-4A89-A5BA-76E0A8C39B8B}.Release|Any CPU.Build.0 = Release|Any CPU
		{6B51C7FD-4EA9-4757-912F-CAE1DBCD72C3}.Debug|Any CPU.ActiveCfg = Debug|Any CPU
		{6B51C7FD-4EA9-4757-912F-CAE1DBCD72C3}.Debug|Any CPU.Build.0 = Debug|Any CPU
		{6B51C7FD-4EA9-4757-912F-CAE1DBCD72C3}.Release|Any CPU.ActiveCfg = Release|Any CPU
		{6B51C7FD-4EA9-4757-912F-CAE1DBCD72C3}.Release|Any CPU.Build.0 = Release|Any CPU
		{412CEDB0-7B2F-44E6-835A-5CE4A7F5AC44}.Debug|Any CPU.ActiveCfg = Debug|Any CPU
		{412CEDB0-7B2F-44E6-835A-5CE4A7F5AC44}.Debug|Any CPU.Build.0 = Debug|Any CPU
		{412CEDB0-7B2F-44E6-835A-5CE4A7F5AC44}.Release|Any CPU.ActiveCfg = Release|Any CPU
		{412CEDB0-7B2F-44E6-835A-5CE4A7F5AC44}.Release|Any CPU.Build.0 = Release|Any CPU
		{F24DA6EC-EA76-4AD4-9AED-658B60F831C3}.Debug|Any CPU.ActiveCfg = Debug|Any CPU
		{F24DA6EC-EA76-4AD4-9AED-658B60F831C3}.Debug|Any CPU.Build.0 = Debug|Any CPU
		{F24DA6EC-EA76-4AD4-9AED-658B60F831C3}.Release|Any CPU.ActiveCfg = Release|Any CPU
		{F24DA6EC-EA76-4AD4-9AED-658B60F831C3}.Release|Any CPU.Build.0 = Release|Any CPU
		{11D62FC0-94E9-42DF-8F6F-D1296264593E}.Debug|Any CPU.ActiveCfg = Debug|Any CPU
		{11D62FC0-94E9-42DF-8F6F-D1296264593E}.Debug|Any CPU.Build.0 = Debug|Any CPU
		{11D62FC0-94E9-42DF-8F6F-D1296264593E}.Release|Any CPU.ActiveCfg = Release|Any CPU
		{11D62FC0-94E9-42DF-8F6F-D1296264593E}.Release|Any CPU.Build.0 = Release|Any CPU
		{BEB4E454-B5F4-4EE7-B97F-295BF066BEE0}.Debug|Any CPU.ActiveCfg = Debug|Any CPU
		{BEB4E454-B5F4-4EE7-B97F-295BF066BEE0}.Debug|Any CPU.Build.0 = Debug|Any CPU
		{BEB4E454-B5F4-4EE7-B97F-295BF066BEE0}.Release|Any CPU.ActiveCfg = Release|Any CPU
		{BEB4E454-B5F4-4EE7-B97F-295BF066BEE0}.Release|Any CPU.Build.0 = Release|Any CPU
		{07ED9948-B920-414B-8291-452213B191BB}.Debug|Any CPU.ActiveCfg = Debug|Any CPU
		{07ED9948-B920-414B-8291-452213B191BB}.Debug|Any CPU.Build.0 = Debug|Any CPU
		{07ED9948-B920-414B-8291-452213B191BB}.Release|Any CPU.ActiveCfg = Release|Any CPU
		{07ED9948-B920-414B-8291-452213B191BB}.Release|Any CPU.Build.0 = Release|Any CPU
		{2294D377-8F6F-4B3F-AE7E-028904064142}.Debug|Any CPU.ActiveCfg = Debug|Any CPU
		{2294D377-8F6F-4B3F-AE7E-028904064142}.Debug|Any CPU.Build.0 = Debug|Any CPU
		{2294D377-8F6F-4B3F-AE7E-028904064142}.Release|Any CPU.ActiveCfg = Release|Any CPU
		{2294D377-8F6F-4B3F-AE7E-028904064142}.Release|Any CPU.Build.0 = Release|Any CPU
		{9EC506F2-2213-4D94-B43F-90107B313005}.Debug|Any CPU.ActiveCfg = Debug|Any CPU
		{9EC506F2-2213-4D94-B43F-90107B313005}.Debug|Any CPU.Build.0 = Debug|Any CPU
		{9EC506F2-2213-4D94-B43F-90107B313005}.Release|Any CPU.ActiveCfg = Release|Any CPU
		{9EC506F2-2213-4D94-B43F-90107B313005}.Release|Any CPU.Build.0 = Release|Any CPU
		{1F7F4E70-DB78-419E-BF93-A57B65341B20}.Debug|Any CPU.ActiveCfg = Debug|Any CPU
		{1F7F4E70-DB78-419E-BF93-A57B65341B20}.Debug|Any CPU.Build.0 = Debug|Any CPU
		{1F7F4E70-DB78-419E-BF93-A57B65341B20}.Release|Any CPU.ActiveCfg = Release|Any CPU
		{1F7F4E70-DB78-419E-BF93-A57B65341B20}.Release|Any CPU.Build.0 = Release|Any CPU
		{08B7350E-17CE-435D-90FA-5D5457FB9D87}.Debug|Any CPU.ActiveCfg = Debug|Any CPU
		{08B7350E-17CE-435D-90FA-5D5457FB9D87}.Debug|Any CPU.Build.0 = Debug|Any CPU
		{08B7350E-17CE-435D-90FA-5D5457FB9D87}.Release|Any CPU.ActiveCfg = Release|Any CPU
		{08B7350E-17CE-435D-90FA-5D5457FB9D87}.Release|Any CPU.Build.0 = Release|Any CPU
	EndGlobalSection
	GlobalSection(NestedProjects) = preSolution
		{EE9EEAD3-3633-4B34-A558-FCAC750B5D5B} = {917984C1-1DA1-43E6-849B-0E89781EA525}
		{CBA06C8B-7881-4680-90F1-06999693DFD4} = {917984C1-1DA1-43E6-849B-0E89781EA525}
		{4DA1D619-48DC-4440-A81E-B49DD51C250B} = {917984C1-1DA1-43E6-849B-0E89781EA525}
		{C37F5DFA-7C22-468D-BD36-F185E48E1877} = {C7C51C2E-31B1-4147-A020-276C7AE73065}
		{B3E49117-84C7-4E5A-8183-75C87ECF6EF0} = {917984C1-1DA1-43E6-849B-0E89781EA525}
		{02953124-9C42-4A89-A5BA-76E0A8C39B8B} = {917984C1-1DA1-43E6-849B-0E89781EA525}
		{6B51C7FD-4EA9-4757-912F-CAE1DBCD72C3} = {C7C51C2E-31B1-4147-A020-276C7AE73065}
		{412CEDB0-7B2F-44E6-835A-5CE4A7F5AC44} = {917984C1-1DA1-43E6-849B-0E89781EA525}
		{F24DA6EC-EA76-4AD4-9AED-658B60F831C3} = {975F8E19-2A61-4360-836F-A8317DD60DA9}
		{11D62FC0-94E9-42DF-8F6F-D1296264593E} = {975F8E19-2A61-4360-836F-A8317DD60DA9}
		{BEB4E454-B5F4-4EE7-B97F-295BF066BEE0} = {975F8E19-2A61-4360-836F-A8317DD60DA9}
		{07ED9948-B920-414B-8291-452213B191BB} = {975F8E19-2A61-4360-836F-A8317DD60DA9}
		{2294D377-8F6F-4B3F-AE7E-028904064142} = {4F3BC756-7505-48B6-A57E-CF2857A71818}
		{9EC506F2-2213-4D94-B43F-90107B313005} = {4F3BC756-7505-48B6-A57E-CF2857A71818}
		{1F7F4E70-DB78-419E-BF93-A57B65341B20} = {975F8E19-2A61-4360-836F-A8317DD60DA9}
		{08B7350E-17CE-435D-90FA-5D5457FB9D87} = {975F8E19-2A61-4360-836F-A8317DD60DA9}
	EndGlobalSection
EndGlobal
