
Microsoft Visual Studio Solution File, Format Version 12.00
Project("{2150E333-8FDC-42A3-9474-1A3956D46DE8}") = "FileManager", "FileManager", "{2CC4B460-B137-4037-9087-D6325DDF839C}"
EndProject
Project("{2150E333-8FDC-42A3-9474-1A3956D46DE8}") = "Shared", "Shared", "{60D27261-DA2A-4683-88FF-6B91DEBA0EB2}"
EndProject
Project("{FAE04EC0-301F-11D3-BF4B-00C04F79EFBC}") = "Shared.Domain", "Shared\Shared.Domain\Shared.Domain.csproj", "{8B206298-1963-4A08-B777-AF75F46CBF98}"
EndProject
Project("{FAE04EC0-301F-11D3-BF4B-00C04F79EFBC}") = "Shared.Application", "Shared\Shared.Application\Shared.Application.csproj", "{174F3B79-7E00-41B2-88C5-A1DE6BC31358}"
EndProject
Project("{FAE04EC0-301F-11D3-BF4B-00C04F79EFBC}") = "Shared.Infra", "Shared\Shared.Infra\Shared.Infra.csproj", "{55792CA0-6A0A-4EA8-A456-707F67DB89F9}"
EndProject
Project("{FAE04EC0-301F-11D3-BF4B-00C04F79EFBC}") = "Shared.Persistence", "Shared\Shared.Persistence\Shared.Persistence.csproj", "{E84B067F-3C0E-4F6C-A854-A4936FFC2AE0}"
EndProject
Project("{FAE04EC0-301F-11D3-BF4B-00C04F79EFBC}") = "Shared.Presentation", "Shared\Shared.Presentation\Shared.Presentation.csproj", "{0B572F2C-403F-45FB-8033-7A27DB244196}"
EndProject
Project("{2150E333-8FDC-42A3-9474-1A3956D46DE8}") = "Agent", "Agent", "{1F7FF34C-6DD0-497E-93E9-47C5A62BE2B6}"
EndProject
Project("{2150E333-8FDC-42A3-9474-1A3956D46DE8}") = "Console", "Console", "{ED191E1A-0F2A-4344-A73A-7295D7FB44CA}"
EndProject
Project("{FAE04EC0-301F-11D3-BF4B-00C04F79EFBC}") = "CMD_Test", "Agent\Console\CMD_Test\CMD_Test.csproj", "{B240360E-47AE-41FE-BD3A-82FE949791E4}"
EndProject
Project("{FAE04EC0-301F-11D3-BF4B-00C04F79EFBC}") = "Hardware_Info", "Agent\Console\Hardware_Info\Hardware_Info.csproj", "{32A79639-2DDE-4A0D-96F2-E32F8EAF3E21}"
EndProject
Project("{2150E333-8FDC-42A3-9474-1A3956D46DE8}") = "AgentService", "AgentService", "{7A84CA8B-4633-4917-88F3-034B64734080}"
EndProject
Project("{FAE04EC0-301F-11D3-BF4B-00C04F79EFBC}") = "AgentService.Domain", "Agent\AgentService\AgentService.Domain\AgentService.Domain.csproj", "{D0083833-F4E2-45BB-9C1C-0610211C4039}"
EndProject
Project("{FAE04EC0-301F-11D3-BF4B-00C04F79EFBC}") = "AgentService.Abstractions", "Agent\AgentService.Abstractions\AgentService.Abstractions.csproj", "{3ACC8411-7A7A-4EFE-9065-8A20F1E58778}"
EndProject
Project("{FAE04EC0-301F-11D3-BF4B-00C04F79EFBC}") = "AgentService.Application", "Agent\AgentService\AgentService.Application\AgentService.Application.csproj", "{8F91545C-8276-4338-A24E-3CAA67312A5E}"
EndProject
Project("{2150E333-8FDC-42A3-9474-1A3956D46DE8}") = "Presentation", "Presentation", "{65A4EB37-2220-4700-8180-23FE8BD69391}"
EndProject
Project("{FAE04EC0-301F-11D3-BF4B-00C04F79EFBC}") = "AgentService.API", "Agent\AgentService\AgentService.API\AgentService.API.csproj", "{B0BFA4C5-50F6-4A3B-A232-BBE149961E46}"
EndProject
Project("{FAE04EC0-301F-11D3-BF4B-00C04F79EFBC}") = "AgentService.Infra", "Agent\AgentService\AgentService.Infra\AgentService.Infra.csproj", "{E1CF8EB4-A709-45C7-BE08-5C4E220413BB}"
EndProject
Project("{2150E333-8FDC-42A3-9474-1A3956D46DE8}") = "Plugins", "Plugins", "{86316446-3FCC-42BB-8CED-04F3F56CA241}"
EndProject
Project("{2150E333-8FDC-42A3-9474-1A3956D46DE8}") = "FileManager", "FileManager", "{75693D76-25B7-416B-9895-E125096E6C3D}"
EndProject
Project("{FAE04EC0-301F-11D3-BF4B-00C04F79EFBC}") = "FileManager.Infra", "Agent\Plugins\FileManager\FileManager.Infra\FileManager.Infra.csproj", "{A19F784C-9E93-4E7B-8A35-2767879D47D7}"
EndProject
Project("{FAE04EC0-301F-11D3-BF4B-00C04F79EFBC}") = "FileManager.Domain", "Agent\Plugins\FileManager\FileManager.Domain\FileManager.Domain.csproj", "{30FDF0A3-5B6C-493A-99D8-DD974C5E7640}"
EndProject
Project("{FAE04EC0-301F-11D3-BF4B-00C04F79EFBC}") = "FileManager.Application", "Agent\Plugins\FileManager\FileManager.Application\FileManager.Application.csproj", "{6CBFF373-0EFD-46BF-8FCD-40FEBC613401}"
EndProject
Project("{FAE04EC0-301F-11D3-BF4B-00C04F79EFBC}") = "FileManager.API", "Agent\Plugins\FileManager\FileManager.API\FileManager.API.csproj", "{4B6BB1B4-A4F5-4D15-A6BE-F011B09181BC}"
EndProject
Global
	GlobalSection(SolutionConfigurationPlatforms) = preSolution
		Debug|Any CPU = Debug|Any CPU
		Release|Any CPU = Release|Any CPU
	EndGlobalSection
	GlobalSection(ProjectConfigurationPlatforms) = postSolution
		{8B206298-1963-4A08-B777-AF75F46CBF98}.Debug|Any CPU.ActiveCfg = Debug|Any CPU
		{8B206298-1963-4A08-B777-AF75F46CBF98}.Debug|Any CPU.Build.0 = Debug|Any CPU
		{8B206298-1963-4A08-B777-AF75F46CBF98}.Release|Any CPU.ActiveCfg = Release|Any CPU
		{8B206298-1963-4A08-B777-AF75F46CBF98}.Release|Any CPU.Build.0 = Release|Any CPU
		{174F3B79-7E00-41B2-88C5-A1DE6BC31358}.Debug|Any CPU.ActiveCfg = Debug|Any CPU
		{174F3B79-7E00-41B2-88C5-A1DE6BC31358}.Debug|Any CPU.Build.0 = Debug|Any CPU
		{174F3B79-7E00-41B2-88C5-A1DE6BC31358}.Release|Any CPU.ActiveCfg = Release|Any CPU
		{174F3B79-7E00-41B2-88C5-A1DE6BC31358}.Release|Any CPU.Build.0 = Release|Any CPU
		{55792CA0-6A0A-4EA8-A456-707F67DB89F9}.Debug|Any CPU.ActiveCfg = Debug|Any CPU
		{55792CA0-6A0A-4EA8-A456-707F67DB89F9}.Debug|Any CPU.Build.0 = Debug|Any CPU
		{55792CA0-6A0A-4EA8-A456-707F67DB89F9}.Release|Any CPU.ActiveCfg = Release|Any CPU
		{55792CA0-6A0A-4EA8-A456-707F67DB89F9}.Release|Any CPU.Build.0 = Release|Any CPU
		{E84B067F-3C0E-4F6C-A854-A4936FFC2AE0}.Debug|Any CPU.ActiveCfg = Debug|Any CPU
		{E84B067F-3C0E-4F6C-A854-A4936FFC2AE0}.Debug|Any CPU.Build.0 = Debug|Any CPU
		{E84B067F-3C0E-4F6C-A854-A4936FFC2AE0}.Release|Any CPU.ActiveCfg = Release|Any CPU
		{E84B067F-3C0E-4F6C-A854-A4936FFC2AE0}.Release|Any CPU.Build.0 = Release|Any CPU
		{0B572F2C-403F-45FB-8033-7A27DB244196}.Debug|Any CPU.ActiveCfg = Debug|Any CPU
		{0B572F2C-403F-45FB-8033-7A27DB244196}.Debug|Any CPU.Build.0 = Debug|Any CPU
		{0B572F2C-403F-45FB-8033-7A27DB244196}.Release|Any CPU.ActiveCfg = Release|Any CPU
		{0B572F2C-403F-45FB-8033-7A27DB244196}.Release|Any CPU.Build.0 = Release|Any CPU
		{B240360E-47AE-41FE-BD3A-82FE949791E4}.Debug|Any CPU.ActiveCfg = Debug|Any CPU
		{B240360E-47AE-41FE-BD3A-82FE949791E4}.Debug|Any CPU.Build.0 = Debug|Any CPU
		{B240360E-47AE-41FE-BD3A-82FE949791E4}.Release|Any CPU.ActiveCfg = Release|Any CPU
		{B240360E-47AE-41FE-BD3A-82FE949791E4}.Release|Any CPU.Build.0 = Release|Any CPU
		{32A79639-2DDE-4A0D-96F2-E32F8EAF3E21}.Debug|Any CPU.ActiveCfg = Debug|Any CPU
		{32A79639-2DDE-4A0D-96F2-E32F8EAF3E21}.Debug|Any CPU.Build.0 = Debug|Any CPU
		{32A79639-2DDE-4A0D-96F2-E32F8EAF3E21}.Release|Any CPU.ActiveCfg = Release|Any CPU
		{32A79639-2DDE-4A0D-96F2-E32F8EAF3E21}.Release|Any CPU.Build.0 = Release|Any CPU
		{D0083833-F4E2-45BB-9C1C-0610211C4039}.Debug|Any CPU.ActiveCfg = Debug|Any CPU
		{D0083833-F4E2-45BB-9C1C-0610211C4039}.Debug|Any CPU.Build.0 = Debug|Any CPU
		{D0083833-F4E2-45BB-9C1C-0610211C4039}.Release|Any CPU.ActiveCfg = Release|Any CPU
		{D0083833-F4E2-45BB-9C1C-0610211C4039}.Release|Any CPU.Build.0 = Release|Any CPU
		{3ACC8411-7A7A-4EFE-9065-8A20F1E58778}.Debug|Any CPU.ActiveCfg = Debug|Any CPU
		{3ACC8411-7A7A-4EFE-9065-8A20F1E58778}.Debug|Any CPU.Build.0 = Debug|Any CPU
		{3ACC8411-7A7A-4EFE-9065-8A20F1E58778}.Release|Any CPU.ActiveCfg = Release|Any CPU
		{3ACC8411-7A7A-4EFE-9065-8A20F1E58778}.Release|Any CPU.Build.0 = Release|Any CPU
		{8F91545C-8276-4338-A24E-3CAA67312A5E}.Debug|Any CPU.ActiveCfg = Debug|Any CPU
		{8F91545C-8276-4338-A24E-3CAA67312A5E}.Debug|Any CPU.Build.0 = Debug|Any CPU
		{8F91545C-8276-4338-A24E-3CAA67312A5E}.Release|Any CPU.ActiveCfg = Release|Any CPU
		{8F91545C-8276-4338-A24E-3CAA67312A5E}.Release|Any CPU.Build.0 = Release|Any CPU
		{B0BFA4C5-50F6-4A3B-A232-BBE149961E46}.Debug|Any CPU.ActiveCfg = Debug|Any CPU
		{B0BFA4C5-50F6-4A3B-A232-BBE149961E46}.Debug|Any CPU.Build.0 = Debug|Any CPU
		{B0BFA4C5-50F6-4A3B-A232-BBE149961E46}.Release|Any CPU.ActiveCfg = Release|Any CPU
		{B0BFA4C5-50F6-4A3B-A232-BBE149961E46}.Release|Any CPU.Build.0 = Release|Any CPU
		{E1CF8EB4-A709-45C7-BE08-5C4E220413BB}.Debug|Any CPU.ActiveCfg = Debug|Any CPU
		{E1CF8EB4-A709-45C7-BE08-5C4E220413BB}.Debug|Any CPU.Build.0 = Debug|Any CPU
		{E1CF8EB4-A709-45C7-BE08-5C4E220413BB}.Release|Any CPU.ActiveCfg = Release|Any CPU
		{E1CF8EB4-A709-45C7-BE08-5C4E220413BB}.Release|Any CPU.Build.0 = Release|Any CPU
		{A19F784C-9E93-4E7B-8A35-2767879D47D7}.Debug|Any CPU.ActiveCfg = Debug|Any CPU
		{A19F784C-9E93-4E7B-8A35-2767879D47D7}.Debug|Any CPU.Build.0 = Debug|Any CPU
		{A19F784C-9E93-4E7B-8A35-2767879D47D7}.Release|Any CPU.ActiveCfg = Release|Any CPU
		{A19F784C-9E93-4E7B-8A35-2767879D47D7}.Release|Any CPU.Build.0 = Release|Any CPU
		{30FDF0A3-5B6C-493A-99D8-DD974C5E7640}.Debug|Any CPU.ActiveCfg = Debug|Any CPU
		{30FDF0A3-5B6C-493A-99D8-DD974C5E7640}.Debug|Any CPU.Build.0 = Debug|Any CPU
		{30FDF0A3-5B6C-493A-99D8-DD974C5E7640}.Release|Any CPU.ActiveCfg = Release|Any CPU
		{30FDF0A3-5B6C-493A-99D8-DD974C5E7640}.Release|Any CPU.Build.0 = Release|Any CPU
		{6CBFF373-0EFD-46BF-8FCD-40FEBC613401}.Debug|Any CPU.ActiveCfg = Debug|Any CPU
		{6CBFF373-0EFD-46BF-8FCD-40FEBC613401}.Debug|Any CPU.Build.0 = Debug|Any CPU
		{6CBFF373-0EFD-46BF-8FCD-40FEBC613401}.Release|Any CPU.ActiveCfg = Release|Any CPU
		{6CBFF373-0EFD-46BF-8FCD-40FEBC613401}.Release|Any CPU.Build.0 = Release|Any CPU
		{4B6BB1B4-A4F5-4D15-A6BE-F011B09181BC}.Debug|Any CPU.ActiveCfg = Debug|Any CPU
		{4B6BB1B4-A4F5-4D15-A6BE-F011B09181BC}.Debug|Any CPU.Build.0 = Debug|Any CPU
		{4B6BB1B4-A4F5-4D15-A6BE-F011B09181BC}.Release|Any CPU.ActiveCfg = Release|Any CPU
		{4B6BB1B4-A4F5-4D15-A6BE-F011B09181BC}.Release|Any CPU.Build.0 = Release|Any CPU
	EndGlobalSection
	GlobalSection(NestedProjects) = preSolution
		{8B206298-1963-4A08-B777-AF75F46CBF98} = {60D27261-DA2A-4683-88FF-6B91DEBA0EB2}
		{174F3B79-7E00-41B2-88C5-A1DE6BC31358} = {60D27261-DA2A-4683-88FF-6B91DEBA0EB2}
		{55792CA0-6A0A-4EA8-A456-707F67DB89F9} = {60D27261-DA2A-4683-88FF-6B91DEBA0EB2}
		{E84B067F-3C0E-4F6C-A854-A4936FFC2AE0} = {60D27261-DA2A-4683-88FF-6B91DEBA0EB2}
		{0B572F2C-403F-45FB-8033-7A27DB244196} = {60D27261-DA2A-4683-88FF-6B91DEBA0EB2}
		{2CC4B460-B137-4037-9087-D6325DDF839C} = {1F7FF34C-6DD0-497E-93E9-47C5A62BE2B6}
		{ED191E1A-0F2A-4344-A73A-7295D7FB44CA} = {1F7FF34C-6DD0-497E-93E9-47C5A62BE2B6}
		{B240360E-47AE-41FE-BD3A-82FE949791E4} = {ED191E1A-0F2A-4344-A73A-7295D7FB44CA}
		{32A79639-2DDE-4A0D-96F2-E32F8EAF3E21} = {ED191E1A-0F2A-4344-A73A-7295D7FB44CA}
		{7A84CA8B-4633-4917-88F3-034B64734080} = {1F7FF34C-6DD0-497E-93E9-47C5A62BE2B6}
		{D0083833-F4E2-45BB-9C1C-0610211C4039} = {7A84CA8B-4633-4917-88F3-034B64734080}
		{3ACC8411-7A7A-4EFE-9065-8A20F1E58778} = {1F7FF34C-6DD0-497E-93E9-47C5A62BE2B6}
		{8F91545C-8276-4338-A24E-3CAA67312A5E} = {7A84CA8B-4633-4917-88F3-034B64734080}
		{65A4EB37-2220-4700-8180-23FE8BD69391} = {7A84CA8B-4633-4917-88F3-034B64734080}
		{B0BFA4C5-50F6-4A3B-A232-BBE149961E46} = {65A4EB37-2220-4700-8180-23FE8BD69391}
		{E1CF8EB4-A709-45C7-BE08-5C4E220413BB} = {7A84CA8B-4633-4917-88F3-034B64734080}
		{86316446-3FCC-42BB-8CED-04F3F56CA241} = {1F7FF34C-6DD0-497E-93E9-47C5A62BE2B6}
		{75693D76-25B7-416B-9895-E125096E6C3D} = {86316446-3FCC-42BB-8CED-04F3F56CA241}
		{A19F784C-9E93-4E7B-8A35-2767879D47D7} = {75693D76-25B7-416B-9895-E125096E6C3D}
		{30FDF0A3-5B6C-493A-99D8-DD974C5E7640} = {75693D76-25B7-416B-9895-E125096E6C3D}
		{6CBFF373-0EFD-46BF-8FCD-40FEBC613401} = {75693D76-25B7-416B-9895-E125096E6C3D}
		{4B6BB1B4-A4F5-4D15-A6BE-F011B09181BC} = {75693D76-25B7-416B-9895-E125096E6C3D}
	EndGlobalSection
EndGlobal
